
Microsoft Visual Studio Solution File, Format Version 12.00
# Visual Studio Version 17
VisualStudioVersion = 17.1.32407.343
MinimumVisualStudioVersion = 10.0.40219.1
Project("{FAE04EC0-301F-11D3-BF4B-00C04F79EFBC}") = "BTA.Server", "BTA\Server\BTA.Server.csproj", "{1A50FBC0-2664-4D1A-A598-E1538952298A}"
EndProject
Project("{FAE04EC0-301F-11D3-BF4B-00C04F79EFBC}") = "BTA.Client", "BTA\Client\BTA.Client.csproj", "{0C2E0937-C463-49FA-AA05-32855FEF692D}"
EndProject
Project("{FAE04EC0-301F-11D3-BF4B-00C04F79EFBC}") = "BTA.Shared", "BTA\Shared\BTA.Shared.csproj", "{10B92C08-F86D-499E-BBE7-B294808B6734}"
EndProject
Global
	GlobalSection(SolutionConfigurationPlatforms) = preSolution
		Debug|Any CPU = Debug|Any CPU
		Release|Any CPU = Release|Any CPU
	EndGlobalSection
	GlobalSection(ProjectConfigurationPlatforms) = postSolution
		{1A50FBC0-2664-4D1A-A598-E1538952298A}.Debug|Any CPU.ActiveCfg = Debug|Any CPU
		{1A50FBC0-2664-4D1A-A598-E1538952298A}.Debug|Any CPU.Build.0 = Debug|Any CPU
		{1A50FBC0-2664-4D1A-A598-E1538952298A}.Release|Any CPU.ActiveCfg = Release|Any CPU
		{1A50FBC0-2664-4D1A-A598-E1538952298A}.Release|Any CPU.Build.0 = Release|Any CPU
		{0C2E0937-C463-49FA-AA05-32855FEF692D}.Debug|Any CPU.ActiveCfg = Debug|Any CPU
		{0C2E0937-C463-49FA-AA05-32855FEF692D}.Debug|Any CPU.Build.0 = Debug|Any CPU
		{0C2E0937-C463-49FA-AA05-32855FEF692D}.Release|Any CPU.ActiveCfg = Release|Any CPU
		{0C2E0937-C463-49FA-AA05-32855FEF692D}.Release|Any CPU.Build.0 = Release|Any CPU
		{10B92C08-F86D-499E-BBE7-B294808B6734}.Debug|Any CPU.ActiveCfg = Debug|Any CPU
		{10B92C08-F86D-499E-BBE7-B294808B6734}.Debug|Any CPU.Build.0 = Debug|Any CPU
		{10B92C08-F86D-499E-BBE7-B294808B6734}.Release|Any CPU.ActiveCfg = Release|Any CPU
		{10B92C08-F86D-499E-BBE7-B294808B6734}.Release|Any CPU.Build.0 = Release|Any CPU
	EndGlobalSection
	GlobalSection(SolutionProperties) = preSolution
		HideSolutionNode = FALSE
	EndGlobalSection
	GlobalSection(ExtensibilityGlobals) = postSolution
		SolutionGuid = {5DCE4B1E-325C-4783-83E6-6F87EEC2F4D8}
	EndGlobalSection
EndGlobal
